lockfileVersion: 5.3

specifiers:
  ora: ^4.0.4
  rimraf: ^3.0.2
  ssr-server-utils: ^6.2.4

dependencies:
  ora: registry.npmmirror.com/ora/4.1.1
  rimraf: registry.npmmirror.com/rimraf/3.0.2
  ssr-server-utils: registry.npmmirror.com/ssr-server-utils/6.2.4

packages:

  registry.npmmirror.com/@types/http-proxy/1.17.8:
    resolution: {integrity: sha512-5kPLG5BKpWYkw/LVOGWpiq3nEVqxiN32rTgI53Sk12/xHFQ2rG3ehI9IO+O3W2QoKeyB92dJkoka8SUm6BX1pA==, registry: https://registry.npm.taobao.org/, tarball: https://registry.npmmirror.com/@types/http-proxy/-/http-proxy-1.17.8.tgz}
    name: '@types/http-proxy'
    version: 1.17.8
    dependencies:
      '@types/node': registry.npmmirror.com/@types/node/17.0.23
    dev: false

  registry.npmmirror.com/@types/node/17.0.23:
    resolution: {integrity: sha512-UxDxWn7dl97rKVeVS61vErvw086aCYhDLyvRQZ5Rk65rZKepaFdm53GeqXaKBuOhED4e9uWq34IC3TdSdJJ2Gw==, registry: https://registry.npm.taobao.org/, tarball: https://registry.npmmirror.com/@types/node/-/node-17.0.23.tgz}
    name: '@types/node'
    version: 17.0.23
    dev: false

  registry.npmmirror.com/ansi-regex/5.0.1:
    resolution: {integrity: sha512-quJQXlTSUGL2LH9SUXo8VwsY4soanhgo6LNSm84E1LBcE8s3O0wpdiRzyR9z/ZZJMlMWv37qOOb9pdJlMUEKFQ==, registry: https://registry.npm.taobao.org/, tarball: https://registry.npmmirror.com/ansi-regex/-/ansi-regex-5.0.1.tgz}
    name: ansi-regex
    version: 5.0.1
    engines: {node: '>=8'}
    dev: false

  registry.npmmirror.com/ansi-styles/3.2.1:
    resolution: {integrity: sha512-VT0ZI6kZRdTh8YyJw3SMbYm/u+NqfsAxEpWO0Pf9sq8/e94WxxOpPKx9FR1FlyCtOVDNOQ+8ntlqFxiRc+r5qA==, registry: https://registry.npm.taobao.org/, tarball: https://registry.npmmirror.com/ansi-styles/-/ansi-styles-3.2.1.tgz}
    name: ansi-styles
    version: 3.2.1
    engines: {node: '>=4'}
    dependencies:
      color-convert: registry.npmmirror.com/color-convert/1.9.3
    dev: false

  registry.npmmirror.com/ansi-styles/4.3.0:
    resolution: {integrity: sha512-zbB9rCJAT1rbjiVDb2hqKFHNYLxgtk8NURxZ3IZwD3F6NtxbXZQCnnSi1Lkx+IDohdPlFp222wVALIheZJQSEg==, registry: https://registry.npm.taobao.org/, tarball: https://registry.npmmirror.com/ansi-styles/-/ansi-styles-4.3.0.tgz}
    name: ansi-styles
    version: 4.3.0
    engines: {node: '>=8'}
    dependencies:
      color-convert: registry.npmmirror.com/color-convert/2.0.1
    dev: false

  registry.npmmirror.com/axios/0.21.4:
    resolution: {integrity: sha512-ut5vewkiu8jjGBdqpM44XxjuCjq9LAKeHVmoVfHVzy8eHgxxq8SbAVQNovDA8mVi05kP0Ea/n/UzcSHcTJQfNg==, registry: https://registry.npm.taobao.org/, tarball: https://registry.npmmirror.com/axios/-/axios-0.21.4.tgz}
    name: axios
    version: 0.21.4
    dependencies:
      follow-redirects: registry.npmmirror.com/follow-redirects/1.14.9
    transitivePeerDependencies:
      - debug
    dev: false

  registry.npmmirror.com/balanced-match/1.0.2:
    resolution: {integrity: sha512-3oSeUO0TMV67hN1AmbXsK4yaqU7tjiHlbxRDZOpH0KW9+CeX4bRAaX0Anxt0tx2MrpRpWwQaPwIlISEJhYU5Pw==, registry: https://registry.npm.taobao.org/, tarball: https://registry.npmmirror.com/balanced-match/-/balanced-match-1.0.2.tgz}
    name: balanced-match
    version: 1.0.2
    dev: false

  registry.npmmirror.com/brace-expansion/1.1.11:
    resolution: {integrity: sha512-iCuPHDFgrHX7H2vEI/5xpz07zSHB00TpugqhmYtVmMO6518mCuRMoOYFldEBl0g187ufozdaHgWKcYFb61qGiA==, registry: https://registry.npm.taobao.org/, tarball: https://registry.npmmirror.com/brace-expansion/-/brace-expansion-1.1.11.tgz}
    name: brace-expansion
    version: 1.1.11
    dependencies:
      balanced-match: registry.npmmirror.com/balanced-match/1.0.2
      concat-map: registry.npmmirror.com/concat-map/0.0.1
    dev: false

  registry.npmmirror.com/braces/3.0.2:
    resolution: {integrity: sha512-b8um+L1RzM3WDSzvhm6gIz1yfTbBt6YTlcEKAvsmqCZZFw46z626lVj9j1yEPW33H5H+lBQpZMP1k8l+78Ha0A==, registry: https://registry.npm.taobao.org/, tarball: https://registry.npmmirror.com/braces/-/braces-3.0.2.tgz}
    name: braces
    version: 3.0.2
    engines: {node: '>=8'}
    dependencies:
      fill-range: registry.npmmirror.com/fill-range/7.0.1
    dev: false

  registry.npmmirror.com/chalk/2.4.2:
    resolution: {integrity: sha512-Mti+f9lpJNcwF4tWV8/OrTTtF1gZi+f8FqlyAdouralcFWFQWF2+NgCHShjkCb+IFBLq9buZwE1xckQU4peSuQ==, registry: https://registry.npm.taobao.org/, tarball: https://registry.npmmirror.com/chalk/-/chalk-2.4.2.tgz}
    name: chalk
    version: 2.4.2
    engines: {node: '>=4'}
    dependencies:
      ansi-styles: registry.npmmirror.com/ansi-styles/3.2.1
      escape-string-regexp: registry.npmmirror.com/escape-string-regexp/1.0.5
      supports-color: registry.npmmirror.com/supports-color/5.5.0
    dev: false

  registry.npmmirror.com/chalk/3.0.0:
    resolution: {integrity: sha512-4D3B6Wf41KOYRFdszmDqMCGq5VV/uMAB273JILmO+3jAlh8X4qDtdtgCR3fxtbLEMzSx22QdhnDcJvu2u1fVwg==, registry: https://registry.npm.taobao.org/, tarball: https://registry.npmmirror.com/chalk/-/chalk-3.0.0.tgz}
    name: chalk
    version: 3.0.0
    engines: {node: '>=8'}
    dependencies:
      ansi-styles: registry.npmmirror.com/ansi-styles/4.3.0
      supports-color: registry.npmmirror.com/supports-color/7.2.0
    dev: false

  registry.npmmirror.com/cli-cursor/3.1.0:
    resolution: {integrity: sha512-I/zHAwsKf9FqGoXM4WWRACob9+SNukZTd94DWF57E4toouRulbCxcUh6RKUEOQlYTHJnzkPMySvPNaaSLNfLZw==, registry: https://registry.npm.taobao.org/, tarball: https://registry.npmmirror.com/cli-cursor/-/cli-cursor-3.1.0.tgz}
    name: cli-cursor
    version: 3.1.0
    engines: {node: '>=8'}
    dependencies:
      restore-cursor: registry.npmmirror.com/restore-cursor/3.1.0
    dev: false

  registry.npmmirror.com/cli-spinners/2.6.1:
    resolution: {integrity: sha512-x/5fWmGMnbKQAaNwN+UZlV79qBLM9JFnJuJ03gIi5whrob0xV0ofNVHy9DhwGdsMJQc2OKv0oGmLzvaqvAVv+g==, registry: https://registry.npm.taobao.org/, tarball: https://registry.npmmirror.com/cli-spinners/-/cli-spinners-2.6.1.tgz}
    name: cli-spinners
    version: 2.6.1
    engines: {node: '>=6'}
    dev: false

  registry.npmmirror.com/clone/1.0.4:
    resolution: {integrity: sha512-JQHZ2QMW6l3aH/j6xCqQThY/9OH4D/9ls34cgkUBiEeocRTU04tHfKPBsUK1PqZCUQM7GiA0IIXJSuXHI64Kbg==, registry: https://registry.npm.taobao.org/, tarball: https://registry.npmmirror.com/clone/-/clone-1.0.4.tgz}
    name: clone
    version: 1.0.4
    engines: {node: '>=0.8'}
    dev: false

  registry.npmmirror.com/color-convert/1.9.3:
    resolution: {integrity: sha512-QfAUtd+vFdAtFQcC8CCyYt1fYWxSqAiK2cSD6zDB8N3cpsEBAvRxp9zOGg6G/SHHJYAT88/az/IuDGALsNVbGg==, registry: https://registry.npm.taobao.org/, tarball: https://registry.npmmirror.com/color-convert/-/color-convert-1.9.3.tgz}
    name: color-convert
    version: 1.9.3
    dependencies:
      color-name: registry.npmmirror.com/color-name/1.1.3
    dev: false

  registry.npmmirror.com/color-convert/2.0.1:
    resolution: {integrity: sha512-RRECPsj7iu/xb5oKYcsFHSppFNnsj/52OVTRKb4zP5onXwVF3zVmmToNcOfGC+CRDpfK/U584fMg38ZHCaElKQ==, registry: https://registry.npm.taobao.org/, tarball: https://registry.npmmirror.com/color-convert/-/color-convert-2.0.1.tgz}
    name: color-convert
    version: 2.0.1
    engines: {node: '>=7.0.0'}
    dependencies:
      color-name: registry.npmmirror.com/color-name/1.1.4
    dev: false

  registry.npmmirror.com/color-name/1.1.3:
    resolution: {integrity: sha512-72fSenhMw2HZMTVHeCA9KCmpEIbzWiQsjN+BHcBbS9vr1mtt+vJjPdksIBNUmKAW8TFUDPJK5SUU3QhE9NEXDw==, registry: https://registry.npm.taobao.org/, tarball: https://registry.npmmirror.com/color-name/-/color-name-1.1.3.tgz}
    name: color-name
    version: 1.1.3
    dev: false

  registry.npmmirror.com/color-name/1.1.4:
    resolution: {integrity: sha512-dOy+3AuW3a2wNbZHIuMZpTcgjGuLU/uBL/ubcZF9OXbDo8ff4O8yVp5Bf0efS8uEoYo5q4Fx7dY9OgQGXgAsQA==, registry: https://registry.npm.taobao.org/, tarball: https://registry.npmmirror.com/color-name/-/color-name-1.1.4.tgz}
    name: color-name
    version: 1.1.4
    dev: false

  registry.npmmirror.com/concat-map/0.0.1:
    resolution: {integrity: sha512-/Srv4dswyQNBfohGpz9o6Yb3Gz3SrUDqBH5rTuhGR7ahtlbYKnVxw2bCFMRljaA7EXHaXZ8wsHdodFvbkhKmqg==, registry: https://registry.npm.taobao.org/, tarball: https://registry.npmmirror.com/concat-map/-/concat-map-0.0.1.tgz}
    name: concat-map
    version: 0.0.1
    dev: false

  registry.npmmirror.com/defaults/1.0.3:
    resolution: {integrity: sha512-s82itHOnYrN0Ib8r+z7laQz3sdE+4FP3d9Q7VLO7U+KRT+CR0GsWuyHxzdAY82I7cXv0G/twrqomTJLOssO5HA==, registry: https://registry.npm.taobao.org/, tarball: https://registry.npmmirror.com/defaults/-/defaults-1.0.3.tgz}
    name: defaults
    version: 1.0.3
    dependencies:
      clone: registry.npmmirror.com/clone/1.0.4
    dev: false

  registry.npmmirror.com/es-module-lexer/0.9.3:
    resolution: {integrity: sha512-1HQ2M2sPtxwnvOvT1ZClHyQDiggdNjURWpY2we6aMKCQiUVxTmVs2UYPLIrD84sS+kMdUwfBSylbJPwNnBrnHQ==, registry: https://registry.npm.taobao.org/, tarball: https://registry.npmmirror.com/es-module-lexer/-/es-module-lexer-0.9.3.tgz}
    name: es-module-lexer
    version: 0.9.3
    dev: false

  registry.npmmirror.com/escape-string-regexp/1.0.5:
    resolution: {integrity: sha512-vbRorB5FUQWvla16U8R/qgaFIya2qGzwDrNmCZuYKrbdSUMG6I1ZCGQRefkRVhuOkIGVne7BQ35DSfo1qvJqFg==, registry: https://registry.npm.taobao.org/, tarball: https://registry.npmmirror.com/escape-string-regexp/-/escape-string-regexp-1.0.5.tgz}
    name: escape-string-regexp
    version: 1.0.5
    engines: {node: '>=0.8.0'}
    dev: false

  registry.npmmirror.com/eventemitter3/4.0.7:
    resolution: {integrity: sha512-8guHBZCwKnFhYdHr2ysuRWErTwhoN2X8XELRlrRwpmfeY2jjuUN4taQMsULKUVo1K4DvZl+0pgfyoysHxvmvEw==, registry: https://registry.npm.taobao.org/, tarball: https://registry.npmmirror.com/eventemitter3/-/eventemitter3-4.0.7.tgz}
    name: eventemitter3
    version: 4.0.7
    dev: false

  registry.npmmirror.com/fill-range/7.0.1:
    resolution: {integrity: sha512-qOo9F+dMUmC2Lcb4BbVvnKJxTPjCm+RRpe4gDuGrzkL7mEVl/djYSu2OdQ2Pa302N4oqkSg9ir6jaLWJ2USVpQ==, registry: https://registry.npm.taobao.org/, tarball: https://registry.npmmirror.com/fill-range/-/fill-range-7.0.1.tgz}
    name: fill-range
    version: 7.0.1
    engines: {node: '>=8'}
    dependencies:
      to-regex-range: registry.npmmirror.com/to-regex-range/5.0.1
    dev: false

  registry.npmmirror.com/follow-redirects/1.14.9:
    resolution: {integrity: sha512-MQDfihBQYMcyy5dhRDJUHcw7lb2Pv/TuE6xP1vyraLukNDHKbDxDNaOE3NbCAdKQApno+GPRyo1YAp89yCjK4w==, registry: https://registry.npm.taobao.org/, tarball: https://registry.npmmirror.com/follow-redirects/-/follow-redirects-1.14.9.tgz}
    name: follow-redirects
    version: 1.14.9
    engines: {node: '>=4.0'}
    peerDependencies:
      debug: '*'
    peerDependenciesMeta:
      debug:
        optional: true
    dev: false

  registry.npmmirror.com/fs.realpath/1.0.0:
    resolution: {integrity: sha512-OO0pH2lK6a0hZnAdau5ItzHPI6pUlvI7jMVnxUQRtw4owF2wk8lOSabtGDCTP4Ggrg2MbGnWO9X8K1t4+fGMDw==, registry: https://registry.npm.taobao.org/, tarball: https://registry.npmmirror.com/fs.realpath/-/fs.realpath-1.0.0.tgz}
    name: fs.realpath
    version: 1.0.0
    dev: false

  registry.npmmirror.com/function-bind/1.1.1:
    resolution: {integrity: sha512-yIovAzMX49sF8Yl58fSCWJ5svSLuaibPxXQJFLmBObTuCr0Mf1KiPopGM9NiFjiYBCbfaa2Fh6breQ6ANVTI0A==, registry: https://registry.npm.taobao.org/, tarball: https://registry.npmmirror.com/function-bind/-/function-bind-1.1.1.tgz}
    name: function-bind
    version: 1.1.1
    dev: false

  registry.npmmirror.com/glob/7.2.0:
    resolution: {integrity: sha512-lmLf6gtyrPq8tTjSmrO94wBeQbFR3HbLHbuyD69wuyQkImp2hWqMGB47OX65FBkPffO641IP9jWa1z4ivqG26Q==, registry: https://registry.npm.taobao.org/, tarball: https://registry.npmmirror.com/glob/-/glob-7.2.0.tgz}
    name: glob
    version: 7.2.0
    dependencies:
      fs.realpath: registry.npmmirror.com/fs.realpath/1.0.0
      inflight: registry.npmmirror.com/inflight/1.0.6
      inherits: registry.npmmirror.com/inherits/2.0.4
      minimatch: registry.npmmirror.com/minimatch/3.1.2
      once: registry.npmmirror.com/once/1.4.0
      path-is-absolute: registry.npmmirror.com/path-is-absolute/1.0.1
    dev: false

  registry.npmmirror.com/has-flag/3.0.0:
    resolution: {integrity: sha512-sKJf1+ceQBr4SMkvQnBDNDtf4TXpVhVGateu0t918bl30FnbE2m4vNLX+VWe/dpjlb+HugGYzW7uQXH98HPEYw==, registry: https://registry.npm.taobao.org/, tarball: https://registry.npmmirror.com/has-flag/-/has-flag-3.0.0.tgz}
    name: has-flag
    version: 3.0.0
    engines: {node: '>=4'}
    dev: false

  registry.npmmirror.com/has-flag/4.0.0:
    resolution: {integrity: sha512-EykJT/Q1KjTWctppgIAgfSO0tKVuZUjhgMr17kqTumMl6Afv3EISleU7qZUzoXDFTAHTDC4NOoG/ZxU3EvlMPQ==, registry: https://registry.npm.taobao.org/, tarball: https://registry.npmmirror.com/has-flag/-/has-flag-4.0.0.tgz}
    name: has-flag
    version: 4.0.0
    engines: {node: '>=8'}
    dev: false

  registry.npmmirror.com/has/1.0.3:
    resolution: {integrity: sha512-f2dvO0VU6Oej7RkWJGrehjbzMAjFp5/VKPp5tTpWIV4JHHZK1/BxbFRtf/siA2SWTe09caDmVtYYzWEIbBS4zw==, registry: https://registry.npm.taobao.org/, tarball: https://registry.npmmirror.com/has/-/has-1.0.3.tgz}
    name: has
    version: 1.0.3
    engines: {node: '>= 0.4.0'}
    dependencies:
      function-bind: registry.npmmirror.com/function-bind/1.1.1
    dev: false

  registry.npmmirror.com/http-proxy-middleware/1.3.1:
    resolution: {integrity: sha512-13eVVDYS4z79w7f1+NPllJtOQFx/FdUW4btIvVRMaRlUY9VGstAbo5MOhLEuUgZFRHn3x50ufn25zkj/boZnEg==, registry: https://registry.npm.taobao.org/, tarball: https://registry.npmmirror.com/http-proxy-middleware/-/http-proxy-middleware-1.3.1.tgz}
    name: http-proxy-middleware
    version: 1.3.1
    engines: {node: '>=8.0.0'}
    dependencies:
      '@types/http-proxy': registry.npmmirror.com/@types/http-proxy/1.17.8
      http-proxy: registry.npmmirror.com/http-proxy/1.18.1
      is-glob: registry.npmmirror.com/is-glob/4.0.3
      is-plain-obj: registry.npmmirror.com/is-plain-obj/3.0.0
      micromatch: registry.npmmirror.com/micromatch/4.0.5
    transitivePeerDependencies:
      - debug
    dev: false

  registry.npmmirror.com/http-proxy/1.18.1:
    resolution: {integrity: sha512-7mz/721AbnJwIVbnaSv1Cz3Am0ZLT/UBwkC92VlxhXv/k/BBQfM2fXElQNC27BVGr0uwUpplYPQM9LnaBMR5NQ==, registry: https://registry.npm.taobao.org/, tarball: https://registry.npmmirror.com/http-proxy/-/http-proxy-1.18.1.tgz}
    name: http-proxy
    version: 1.18.1
    engines: {node: '>=8.0.0'}
    dependencies:
      eventemitter3: registry.npmmirror.com/eventemitter3/4.0.7
      follow-redirects: registry.npmmirror.com/follow-redirects/1.14.9
      requires-port: registry.npmmirror.com/requires-port/1.0.0
    transitivePeerDependencies:
      - debug
    dev: false

  registry.npmmirror.com/inflight/1.0.6:
    resolution: {integrity: sha512-k92I/b08q4wvFscXCLvqfsHCrjrF7yiXsQuIVvVE7N82W3+aqpzuUdBbfhWcy/FZR3/4IgflMgKLOsvPDrGCJA==, registry: https://registry.npm.taobao.org/, tarball: https://registry.npmmirror.com/inflight/-/inflight-1.0.6.tgz}
    name: inflight
    version: 1.0.6
    dependencies:
      once: registry.npmmirror.com/once/1.4.0
      wrappy: registry.npmmirror.com/wrappy/1.0.2
    dev: false

  registry.npmmirror.com/inherits/2.0.4:
    resolution: {integrity: sha512-k/vGaX4/Yla3WzyMCvTQOXYeIHvqOKtnqBduzTHpzpQZzAskKMhZ2K+EnBiSM9zGSoIFeMpXKxa4dYeZIQqewQ==, registry: https://registry.npm.taobao.org/, tarball: https://registry.npmmirror.com/inherits/-/inherits-2.0.4.tgz}
    name: inherits
    version: 2.0.4
    dev: false

  registry.npmmirror.com/interpret/1.4.0:
    resolution: {integrity: sha512-agE4QfB2Lkp9uICn7BAqoscw4SZP9kTE2hxiFI3jBPmXJfdqiahTbUuKGsMoN2GtqL9AxhYioAcVvgsb1HvRbA==, registry: https://registry.npm.taobao.org/, tarball: https://registry.npmmirror.com/interpret/-/interpret-1.4.0.tgz}
    name: interpret
    version: 1.4.0
    engines: {node: '>= 0.10'}
    dev: false

  registry.npmmirror.com/is-core-module/2.8.1:
    resolution: {integrity: sha512-SdNCUs284hr40hFTFP6l0IfZ/RSrMXF3qgoRHd3/79unUTvrFO/JoXwkGm+5J/Oe3E/b5GsnG330uUNgRpu1PA==, registry: https://registry.npm.taobao.org/, tarball: https://registry.npmmirror.com/is-core-module/-/is-core-module-2.8.1.tgz}
    name: is-core-module
    version: 2.8.1
    dependencies:
      has: registry.npmmirror.com/has/1.0.3
    dev: false

  registry.npmmirror.com/is-extglob/2.1.1:
    resolution: {integrity: sha512-SbKbANkN603Vi4jEZv49LeVJMn4yGwsbzZworEoyEiutsN3nJYdbO36zfhGJ6QEDpOZIFkDtnq5JRxmvl3jsoQ==, registry: https://registry.npm.taobao.org/, tarball: https://registry.npmmirror.com/is-extglob/-/is-extglob-2.1.1.tgz}
    name: is-extglob
    version: 2.1.1
    engines: {node: '>=0.10.0'}
    dev: false

  registry.npmmirror.com/is-glob/4.0.3:
    resolution: {integrity: sha512-xelSayHH36ZgE7ZWhli7pW34hNbNl8Ojv5KVmkJD4hBdD3th8Tfk9vYasLM+mXWOZhFkgZfxhLSnrwRr4elSSg==, registry: https://registry.npm.taobao.org/, tarball: https://registry.npmmirror.com/is-glob/-/is-glob-4.0.3.tgz}
    name: is-glob
    version: 4.0.3
    engines: {node: '>=0.10.0'}
    dependencies:
      is-extglob: registry.npmmirror.com/is-extglob/2.1.1
    dev: false

  registry.npmmirror.com/is-interactive/1.0.0:
    resolution: {integrity: sha512-2HvIEKRoqS62guEC+qBjpvRubdX910WCMuJTZ+I9yvqKU2/12eSL549HMwtabb4oupdj2sMP50k+XJfB/8JE6w==, registry: https://registry.npm.taobao.org/, tarball: https://registry.npmmirror.com/is-interactive/-/is-interactive-1.0.0.tgz}
    name: is-interactive
    version: 1.0.0
    engines: {node: '>=8'}
    dev: false

  registry.npmmirror.com/is-number/7.0.0:
    resolution: {integrity: sha512-41Cifkg6e8TylSpdtTpeLVMqvSBEVzTttHvERD741+pnZ8ANv0004MRL43QKPDlK9cGvNp6NZWZUBlbGXYxxng==, registry: https://registry.npm.taobao.org/, tarball: https://registry.npmmirror.com/is-number/-/is-number-7.0.0.tgz}
    name: is-number
    version: 7.0.0
    engines: {node: '>=0.12.0'}
    dev: false

  registry.npmmirror.com/is-plain-obj/3.0.0:
    resolution: {integrity: sha512-gwsOE28k+23GP1B6vFl1oVh/WOzmawBrKwo5Ev6wMKzPkaXaCDIQKzLnvsA42DRlbVTWorkgTKIviAKCWkfUwA==, registry: https://registry.npm.taobao.org/, tarball: https://registry.npmmirror.com/is-plain-obj/-/is-plain-obj-3.0.0.tgz}
    name: is-plain-obj
    version: 3.0.0
    engines: {node: '>=10'}
    dev: false

  registry.npmmirror.com/koa2-connect/1.0.2:
    resolution: {integrity: sha512-Subc/t9vJaMtorZ/Z/yqjRaZZ4RQ8ew+aacQhYXzL6oVuaYaUGqhh3UMRB5gcpu7t9hu1QBwbJezHohLNohr3g==, registry: https://registry.npm.taobao.org/, tarball: https://registry.npmmirror.com/koa2-connect/-/koa2-connect-1.0.2.tgz}
    name: koa2-connect
    version: 1.0.2
    engines: {node: '>=4'}
    dev: false

  registry.npmmirror.com/log-symbols/3.0.0:
    resolution: {integrity: sha512-dSkNGuI7iG3mfvDzUuYZyvk5dD9ocYCYzNU6CYDE6+Xqd+gwme6Z00NS3dUh8mq/73HaEtT7m6W+yUPtU6BZnQ==, registry: https://registry.npm.taobao.org/, tarball: https://registry.npmmirror.com/log-symbols/-/log-symbols-3.0.0.tgz}
    name: log-symbols
    version: 3.0.0
    engines: {node: '>=8'}
    dependencies:
      chalk: registry.npmmirror.com/chalk/2.4.2
    dev: false

  registry.npmmirror.com/lru-cache/6.0.0:
    resolution: {integrity: sha512-Jo6dJ04CmSjuznwJSS3pUeWmd/H0ffTlkXXgwZi+eq1UCmqQwCh+eLsYOYCwY991i2Fah4h1BEMCx4qThGbsiA==, registry: https://registry.npm.taobao.org/, tarball: https://registry.npmmirror.com/lru-cache/-/lru-cache-6.0.0.tgz}
    name: lru-cache
    version: 6.0.0
    engines: {node: '>=10'}
    dependencies:
      yallist: registry.npmmirror.com/yallist/4.0.0
    dev: false

  registry.npmmirror.com/magic-string/0.25.9:
    resolution: {integrity: sha512-RmF0AsMzgt25qzqqLc1+MbHmhdx0ojF2Fvs4XnOqz2ZOBXzzkEwc/dJQZCYHAn7v1jbVOjAZfK8msRn4BxO4VQ==, registry: https://registry.npm.taobao.org/, tarball: https://registry.npmmirror.com/magic-string/-/magic-string-0.25.9.tgz}
    name: magic-string
    version: 0.25.9
    dependencies:
      sourcemap-codec: registry.npmmirror.com/sourcemap-codec/1.4.8
    dev: false

  registry.npmmirror.com/micromatch/4.0.5:
    resolution: {integrity: sha512-DMy+ERcEW2q8Z2Po+WNXuw3c5YaUSFjAO5GsJqfEl7UjvtIuFKO6ZrKvcItdy98dwFI2N1tg3zNIdKaQT+aNdA==, registry: https://registry.npm.taobao.org/, tarball: https://registry.npmmirror.com/micromatch/-/micromatch-4.0.5.tgz}
    name: micromatch
    version: 4.0.5
    engines: {node: '>=8.6'}
    dependencies:
      braces: registry.npmmirror.com/braces/3.0.2
      picomatch: registry.npmmirror.com/picomatch/2.3.1
    dev: false

  registry.npmmirror.com/mimic-fn/2.1.0:
    resolution: {integrity: sha512-OqbOk5oEQeAZ8WXWydlu9HJjz9WVdEIvamMCcXmuqUYjTknH/sqsWvhQ3vgwKFRR1HpjvNBKQ37nbJgYzGqGcg==, registry: https://registry.npm.taobao.org/, tarball: https://registry.npmmirror.com/mimic-fn/-/mimic-fn-2.1.0.tgz}
    name: mimic-fn
    version: 2.1.0
    engines: {node: '>=6'}
    dev: false

  registry.npmmirror.com/minimatch/3.1.2:
    resolution: {integrity: sha512-J7p63hRiAjw1NDEww1W7i37+ByIrOWO5XQQAzZ3VOcL0PNybwpfmV/N05zFAzwQ9USyEcX6t3UO+K5aqBQOIHw==, registry: https://registry.npm.taobao.org/, tarball: https://registry.npmmirror.com/minimatch/-/minimatch-3.1.2.tgz}
    name: minimatch
    version: 3.1.2
    dependencies:
      brace-expansion: registry.npmmirror.com/brace-expansion/1.1.11
    dev: false

  registry.npmmirror.com/mute-stream/0.0.8:
    resolution: {integrity: sha512-nnbWWOkoWyUsTjKrhgD0dcz22mdkSnpYqbEjIm2nhwhuxlSkpywJmBo8h0ZqJdkp73mb90SssHkN4rsRaBAfAA==, registry: https://registry.npm.taobao.org/, tarball: https://registry.npmmirror.com/mute-stream/-/mute-stream-0.0.8.tgz}
    name: mute-stream
    version: 0.0.8
    dev: false

  registry.npmmirror.com/once/1.4.0:
    resolution: {integrity: sha512-lNaJgI+2Q5URQBkccEKHTQOPaXdUxnZZElQTZY0MFUAuaEqe1E+Nyvgdz/aIyNi6Z9MzO5dv1H8n58/GELp3+w==, registry: https://registry.npm.taobao.org/, tarball: https://registry.npmmirror.com/once/-/once-1.4.0.tgz}
    name: once
    version: 1.4.0
    dependencies:
      wrappy: registry.npmmirror.com/wrappy/1.0.2
    dev: false

  registry.npmmirror.com/onetime/5.1.2:
    resolution: {integrity: sha512-kbpaSSGJTWdAY5KPVeMOKXSrPtr8C8C7wodJbcsd51jRnmD+GZu8Y0VoU6Dm5Z4vWr0Ig/1NKuWRKf7j5aaYSg==, registry: https://registry.npm.taobao.org/, tarball: https://registry.npmmirror.com/onetime/-/onetime-5.1.2.tgz}
    name: onetime
    version: 5.1.2
    engines: {node: '>=6'}
    dependencies:
      mimic-fn: registry.npmmirror.com/mimic-fn/2.1.0
    dev: false

  registry.npmmirror.com/ora/4.1.1:
    resolution: {integrity: sha512-sjYP8QyVWBpBZWD6Vr1M/KwknSw6kJOz41tvGMlwWeClHBtYKTbHMki1PsLZnxKpXMPbTKv9b3pjQu3REib96A==, registry: https://registry.npm.taobao.org/, tarball: https://registry.npmmirror.com/ora/-/ora-4.1.1.tgz}
    name: ora
    version: 4.1.1
    engines: {node: '>=8'}
    dependencies:
      chalk: registry.npmmirror.com/chalk/3.0.0
      cli-cursor: registry.npmmirror.com/cli-cursor/3.1.0
      cli-spinners: registry.npmmirror.com/cli-spinners/2.6.1
      is-interactive: registry.npmmirror.com/is-interactive/1.0.0
      log-symbols: registry.npmmirror.com/log-symbols/3.0.0
      mute-stream: registry.npmmirror.com/mute-stream/0.0.8
      strip-ansi: registry.npmmirror.com/strip-ansi/6.0.1
      wcwidth: registry.npmmirror.com/wcwidth/1.0.1
    dev: false

  registry.npmmirror.com/path-is-absolute/1.0.1:
    resolution: {integrity: sha512-AVbw3UJ2e9bq64vSaS9Am0fje1Pa8pbGqTTsmXfaIiMpnr5DlDhfJOuLj9Sf95ZPVDAUerDfEk88MPmPe7UCQg==, registry: https://registry.npm.taobao.org/, tarball: https://registry.npmmirror.com/path-is-absolute/-/path-is-absolute-1.0.1.tgz}
    name: path-is-absolute
    version: 1.0.1
    engines: {node: '>=0.10.0'}
    dev: false

  registry.npmmirror.com/path-parse/1.0.7:
    resolution: {integrity: sha512-LDJzPVEEEPR+y48z93A0Ed0yXb8pAByGWo/k5YYdYgpY2/2EsOsksJrq7lOHxryrVOn1ejG6oAp8ahvOIQD8sw==, registry: https://registry.npm.taobao.org/, tarball: https://registry.npmmirror.com/path-parse/-/path-parse-1.0.7.tgz}
    name: path-parse
    version: 1.0.7
    dev: false

  registry.npmmirror.com/path-to-regexp/6.2.0:
    resolution: {integrity: sha512-f66KywYG6+43afgE/8j/GoiNyygk/bnoCbps++3ErRKsIYkGGupyv07R2Ok5m9i67Iqc+T2g1eAUGUPzWhYTyg==, registry: https://registry.npm.taobao.org/, tarball: https://registry.npmmirror.com/path-to-regexp/-/path-to-regexp-6.2.0.tgz}
    name: path-to-regexp
    version: 6.2.0
    dev: false

  registry.npmmirror.com/picomatch/2.3.1:
    resolution: {integrity: sha512-JU3teHTNjmE2VCGFzuY8EXzCDVwEqB2a8fsIvwaStHhAWJEeVd1o1QD80CU6+ZdEXXSLbSsuLwJjkCBWqRQUVA==, registry: https://registry.npm.taobao.org/, tarball: https://registry.npmmirror.com/picomatch/-/picomatch-2.3.1.tgz}
    name: picomatch
    version: 2.3.1
    engines: {node: '>=8.6'}
    dev: false

  registry.npmmirror.com/rechoir/0.6.2:
    resolution: {integrity: sha512-HFM8rkZ+i3zrV+4LQjwQ0W+ez98pApMGM3HUrN04j3CqzPOzl9nmP15Y8YXNm8QHGv/eacOVEjqhmWpkRV0NAw==, registry: https://registry.npm.taobao.org/, tarball: https://registry.npmmirror.com/rechoir/-/rechoir-0.6.2.tgz}
    name: rechoir
    version: 0.6.2
    engines: {node: '>= 0.10'}
    dependencies:
      resolve: registry.npmmirror.com/resolve/1.22.0
    dev: false

  registry.npmmirror.com/requires-port/1.0.0:
    resolution: {integrity: sha512-KigOCHcocU3XODJxsu8i/j8T9tzT4adHiecwORRQ0ZZFcp7ahwXuRU1m+yuO90C5ZUyGeGfocHDI14M3L3yDAQ==, registry: https://registry.npm.taobao.org/, tarball: https://registry.npmmirror.com/requires-port/-/requires-port-1.0.0.tgz}
    name: requires-port
    version: 1.0.0
    dev: false

  registry.npmmirror.com/resolve/1.22.0:
    resolution: {integrity: sha512-Hhtrw0nLeSrFQ7phPp4OOcVjLPIeMnRlr5mcnVuMe7M/7eBn98A3hmFRLoFo3DLZkivSYwhRUJTyPyWAk56WLw==, registry: https://registry.npm.taobao.org/, tarball: https://registry.npmmirror.com/resolve/-/resolve-1.22.0.tgz}
    name: resolve
    version: 1.22.0
    hasBin: true
    dependencies:
      is-core-module: registry.npmmirror.com/is-core-module/2.8.1
      path-parse: registry.npmmirror.com/path-parse/1.0.7
      supports-preserve-symlinks-flag: registry.npmmirror.com/supports-preserve-symlinks-flag/1.0.0
    dev: false

  registry.npmmirror.com/restore-cursor/3.1.0:
    resolution: {integrity: sha512-l+sSefzHpj5qimhFSE5a8nufZYAM3sBSVMAPtYkmC+4EH2anSGaEMXSD0izRQbu9nfyQ9y5JrVmp7E8oZrUjvA==, registry: https://registry.npm.taobao.org/, tarball: https://registry.npmmirror.com/restore-cursor/-/restore-cursor-3.1.0.tgz}
    name: restore-cursor
    version: 3.1.0
    engines: {node: '>=8'}
    dependencies:
      onetime: registry.npmmirror.com/onetime/5.1.2
      signal-exit: registry.npmmirror.com/signal-exit/3.0.7
    dev: false

  registry.npmmirror.com/rimraf/3.0.2:
    resolution: {integrity: sha512-JZkJMZkAGFFPP2YqXZXPbMlMBgsxzE8ILs4lMIX/2o0L9UBw9O/Y3o6wFw/i9YLapcUJWwqbi3kdxIPdC62TIA==, registry: https://registry.npm.taobao.org/, tarball: https://registry.npmmirror.com/rimraf/-/rimraf-3.0.2.tgz}
    name: rimraf
    version: 3.0.2
    hasBin: true
    dependencies:
      glob: registry.npmmirror.com/glob/7.2.0
    dev: false

  registry.npmmirror.com/semver/7.3.5:
    resolution: {integrity: sha512-PoeGJYh8HK4BTO/a9Tf6ZG3veo/A7ZVsYrSA6J8ny9nb3B1VrpkuN+z9OE5wfE5p6H4LchYZsegiQgbJD94ZFQ==, registry: https://registry.npm.taobao.org/, tarball: https://registry.npmmirror.com/semver/-/semver-7.3.5.tgz}
    name: semver
    version: 7.3.5
    engines: {node: '>=10'}
    hasBin: true
    dependencies:
      lru-cache: registry.npmmirror.com/lru-cache/6.0.0
    dev: false

  registry.npmmirror.com/shelljs/0.8.5:
    resolution: {integrity: sha512-TiwcRcrkhHvbrZbnRcFYMLl30Dfov3HKqzp5tO5b4pt6G/SezKcYhmDg15zXVBswHmctSAQKznqNW2LO5tTDow==, registry: https://registry.npm.taobao.org/, tarball: https://registry.npmmirror.com/shelljs/-/shelljs-0.8.5.tgz}
    name: shelljs
    version: 0.8.5
    engines: {node: '>=4'}
    hasBin: true
    dependencies:
      glob: registry.npmmirror.com/glob/7.2.0
      interpret: registry.npmmirror.com/interpret/1.4.0
      rechoir: registry.npmmirror.com/rechoir/0.6.2
    dev: false

  registry.npmmirror.com/signal-exit/3.0.7:
    resolution: {integrity: sha512-wnD2ZE+l+SPC/uoS0vXeE9L1+0wuaMqKlfz9AMUo38JsyLSBWSFcHR1Rri62LZc12vLr1gb3jl7iwQhgwpAbGQ==, registry: https://registry.npm.taobao.org/, tarball: https://registry.npmmirror.com/signal-exit/-/signal-exit-3.0.7.tgz}
    name: signal-exit
    version: 3.0.7
    dev: false

  registry.npmmirror.com/sourcemap-codec/1.4.8:
    resolution: {integrity: sha512-9NykojV5Uih4lgo5So5dtw+f0JgJX30KCNI8gwhz2J9A15wD0Ml6tjHKwf6fTSa6fAdVBdZeNOs9eJ71qCk8vA==, registry: https://registry.npm.taobao.org/, tarball: https://registry.npmmirror.com/sourcemap-codec/-/sourcemap-codec-1.4.8.tgz}
    name: sourcemap-codec
    version: 1.4.8
    dev: false

  registry.npmmirror.com/ssr-server-utils/6.2.4:
    resolution: {integrity: sha512-MqS/C6DufVblG+93jkxyBudm2Rvhvjy/snL5wzmdoCm/jQpSwjHG4/c3fmD8o594VThdS38OPbF+96UkCag/9w==, registry: https://registry.npm.taobao.org/, tarball: https://registry.npmmirror.com/ssr-server-utils/-/ssr-server-utils-6.2.4.tgz}
    name: ssr-server-utils
    version: 6.2.4
    dependencies:
      axios: registry.npmmirror.com/axios/0.21.4
      es-module-lexer: registry.npmmirror.com/es-module-lexer/0.9.3
      http-proxy-middleware: registry.npmmirror.com/http-proxy-middleware/1.3.1
      koa2-connect: registry.npmmirror.com/koa2-connect/1.0.2
      magic-string: registry.npmmirror.com/magic-string/0.25.9
      path-to-regexp: registry.npmmirror.com/path-to-regexp/6.2.0
      semver: registry.npmmirror.com/semver/7.3.5
      shelljs: registry.npmmirror.com/shelljs/0.8.5
    transitivePeerDependencies:
      - debug
    dev: false

  registry.npmmirror.com/strip-ansi/6.0.1:
    resolution: {integrity: sha512-Y38VPSHcqkFrCpFnQ9vuSXmquuv5oXOKpGeT6aGrr3o3Gc9AlVa6JBfUSOCnbxGGZF+/0ooI7KrPuUSztUdU5A==, registry: https://registry.npm.taobao.org/, tarball: https://registry.npmmirror.com/strip-ansi/-/strip-ansi-6.0.1.tgz}
    name: strip-ansi
    version: 6.0.1
    engines: {node: '>=8'}
    dependencies:
      ansi-regex: registry.npmmirror.com/ansi-regex/5.0.1
    dev: false

  registry.npmmirror.com/supports-color/5.5.0:
    resolution: {integrity: sha512-QjVjwdXIt408MIiAqCX4oUKsgU2EqAGzs2Ppkm4aQYbjm+ZEWEcW4SfFNTr4uMNZma0ey4f5lgLrkB0aX0QMow==, registry: https://registry.npm.taobao.org/, tarball: https://registry.npmmirror.com/supports-color/-/supports-color-5.5.0.tgz}
    name: supports-color
    version: 5.5.0
    engines: {node: '>=4'}
    dependencies:
      has-flag: registry.npmmirror.com/has-flag/3.0.0
    dev: false

  registry.npmmirror.com/supports-color/7.2.0:
    resolution: {integrity: sha512-qpCAvRl9stuOHveKsn7HncJRvv501qIacKzQlO/+Lwxc9+0q2wLyv4Dfvt80/DPn2pqOBsJdDiogXGR9+OvwRw==, registry: https://registry.npm.taobao.org/, tarball: https://registry.npmmirror.com/supports-color/-/supports-color-7.2.0.tgz}
    name: supports-color
    version: 7.2.0
    engines: {node: '>=8'}
    dependencies:
      has-flag: registry.npmmirror.com/has-flag/4.0.0
    dev: false

  registry.npmmirror.com/supports-preserve-symlinks-flag/1.0.0:
    resolution: {integrity: sha512-ot0WnXS9fgdkgIcePe6RHNk1WA8+muPa6cSjeR3V8K27q9BB1rTE3R1p7Hv0z1ZyAc8s6Vvv8DIyWf681MAt0w==, registry: https://registry.npm.taobao.org/, tarball: https://registry.npmmirror.com/supports-preserve-symlinks-flag/-/supports-preserve-symlinks-flag-1.0.0.tgz}
    name: supports-preserve-symlinks-flag
    version: 1.0.0
    engines: {node: '>= 0.4'}
    dev: false

  registry.npmmirror.com/to-regex-range/5.0.1:
    resolution: {integrity: sha512-65P7iz6X5yEr1cwcgvQxbbIw7Uk3gOy5dIdtZ4rDveLqhrdJP+Li/Hx6tyK0NEb+2GCyneCMJiGqrADCSNk8sQ==, registry: https://registry.npm.taobao.org/, tarball: https://registry.npmmirror.com/to-regex-range/-/to-regex-range-5.0.1.tgz}
    name: to-regex-range
    version: 5.0.1
    engines: {node: '>=8.0'}
    dependencies:
      is-number: registry.npmmirror.com/is-number/7.0.0
    dev: false

  registry.npmmirror.com/wcwidth/1.0.1:
    resolution: {integrity: sha512-XHPEwS0q6TaxcvG85+8EYkbiCux2XtWG2mkc47Ng2A77BQu9+DqIOJldST4HgPkuea7dvKSj5VgX3P1d4rW8Tg==, registry: https://registry.npm.taobao.org/, tarball: https://registry.npmmirror.com/wcwidth/-/wcwidth-1.0.1.tgz}
    name: wcwidth
    version: 1.0.1
    dependencies:
      defaults: registry.npmmirror.com/defaults/1.0.3
    dev: false

  registry.npmmirror.com/wrappy/1.0.2:
    resolution: {integrity: sha512-l4Sp/DRseor9wL6EvV2+TuQn63dMkPjZ/sp9XkghTEbV9KlPS1xUsZ3u7/IQO4wxtcFB4bgpQPRcR3QCvezPcQ==, registry: https://registry.npm.taobao.org/, tarball: https://registry.npmmirror.com/wrappy/-/wrappy-1.0.2.tgz}
    name: wrappy
    version: 1.0.2
    dev: false

  registry.npmmirror.com/yallist/4.0.0:
    resolution: {integrity: sha512-3wdGidZyq5PB084XLES5TpOSRA3wjXAlIWMhum2kRcv/41Sn2emQ0dycQW4uZXLejwKvg6EsvbdlVL+FYEct7A==, registry: https://registry.npm.taobao.org/, tarball: https://registry.npmmirror.com/yallist/-/yallist-4.0.0.tgz}
    name: yallist
    version: 4.0.0
    dev: false
